<?xml version="1.0" encoding="utf-8"?>
<Project ToolsVersion="4.0" xmlns="http://schemas.microsoft.com/developer/msbuild/2003">
  <ItemGroup>
    <ClCompile Include="Engine\Component\AI\AI.cpp" />
    <ClCompile Include="Engine\Component\AI\AILearning.cpp" />
    <ClCompile Include="Engine\Component\AI\NeuralNet.cpp" />
    <ClCompile Include="Engine\Component\AI\Neuron.cpp" />
    <ClCompile Include="Engine\Component\AI\TrainingData.cpp" />
    <ClCompile Include="Engine\Component\Collision\BoxCollider.cpp" />
    <ClCompile Include="Engine\Component\Collision\CircleCollider.cpp" />
    <ClCompile Include="Engine\Component\Collision\Collider.cpp" />
    <ClCompile Include="Engine\Component\Collision\Rigidbody.cpp" />
    <ClCompile Include="Engine\Component\Networking\Receiver.cpp" />
    <ClCompile Include="Engine\Component\Networking\Sender.cpp" />
    <ClCompile Include="Engine\External\Render\FrameBufferObject.cpp" />
    <ClCompile Include="Engine\External\Render\ISprite.cpp" />
    <ClCompile Include="Engine\External\Render\Sprite.cpp" />
    <ClCompile Include="Engine\External\Render\SpriteSheet.cpp" />
    <ClCompile Include="Engine\GameObjects\Camera.cpp" />
    <ClCompile Include="Engine\GameObjects\ComplexSprite.cpp" />
    <ClCompile Include="Engine\GameObjects\SimpleSprite.cpp" />
    <ClCompile Include="Engine\Manager\AudioManager.cpp" />
    <ClCompile Include="Engine\Manager\NetworkingManager.cpp" />
    <ClCompile Include="Engine\Manager\PhysicsManager.cpp" />
    <ClCompile Include="Engine\Manager\SceneManager.cpp" />
    <ClCompile Include="Engine\PathFinding.cpp" />
    <ClCompile Include="Engine\Scene.cpp" />
    <ClCompile Include="Engine\Updateable.cpp" />
    <ClCompile Include="Engine\Component\Render\Renderer.cpp" />
    <ClCompile Include="Engine\Manager\InputManager.cpp" />
    <ClCompile Include="Engine\Manager\MessageManager.cpp" />
    <ClCompile Include="Game\Components\BaseController.cpp" />
    <ClCompile Include="Game\Components\CameraFollow.cpp" />
    <ClCompile Include="Game\Components\CharacterController.cpp" />
    <ClCompile Include="Game\Components\Inventory.cpp" />
    <ClCompile Include="Game\ExternalClasses\AiPilot.cpp" />
    <ClCompile Include="Game\ExternalClasses\BaseChestplate.cpp" />
    <ClCompile Include="Game\ExternalClasses\BaseEquippableItem.cpp" />
    <ClCompile Include="Game\ExternalClasses\BaseGreaves.cpp" />
    <ClCompile Include="Game\ExternalClasses\BaseHelmet.cpp" />
    <ClCompile Include="Game\ExternalClasses\BaseItem.cpp" />
    <ClCompile Include="Game\ExternalClasses\BaseLongbow.cpp" />
    <ClCompile Include="Game\ExternalClasses\BaseMeleeWeapon.cpp" />
    <ClCompile Include="Game\ExternalClasses\BasePilot.cpp" />
    <ClCompile Include="Game\ExternalClasses\BaseProjectileWeapon.cpp" />
    <ClCompile Include="Game\ExternalClasses\BaseShield.cpp" />
    <ClCompile Include="Game\ExternalClasses\BaseShortsword.cpp" />
    <ClCompile Include="Game\ExternalClasses\BaseWeapon.cpp" />
    <ClCompile Include="Game\ExternalClasses\Damageable.cpp" />
    <ClCompile Include="Game\ExternalClasses\HostPilot.cpp" />
    <ClCompile Include="Game\ExternalClasses\DummyPilot.cpp" />
    <ClCompile Include="Game\ExternalClasses\PlayerPilot.cpp" />
    <ClCompile Include="Game\Game.cpp" />
    <ClCompile Include="Engine\Component\Component.cpp" />
    <ClCompile Include="Engine\Component\GameObject.cpp" />
    <ClCompile Include="Engine\Component\Physics.cpp" />
    <ClCompile Include="Engine\Component\Render\SpriteRenderer.cpp" />
    <ClCompile Include="Engine\Component\Transform.cpp" />
    <ClCompile Include="Engine\Engine.cpp" />
    <ClCompile Include="Engine\External\HelperFunctions.cpp" />
    <ClCompile Include="Engine\External\Math\Vector2.cpp" />
    <ClCompile Include="Engine\External\Render\Shader.cpp" />
    <ClCompile Include="Engine\Manager\GameManager.cpp" />
    <ClCompile Include="Engine\Manager\SpriteRendererManager.cpp" />
    <ClCompile Include="Game\Components\ComponentTemplate.cpp" />
    <ClCompile Include="Game\GameObjects\Character.cpp" />
    <ClCompile Include="Game\GameObjects\ClientCharacter.cpp" />
    <ClCompile Include="Game\GameObjects\DamagingRegion.cpp" />
    <ClCompile Include="Game\GameObjects\GameObjectTemplate.cpp" />
    <ClCompile Include="Game\GameObjects\HostCharacter.cpp" />
    <ClCompile Include="Game\GameObjects\NetworkCharacter.cpp" />
    <ClCompile Include="Game\GameObjects\Projectile.cpp" />
    <ClCompile Include="Game\Scenes\NetworkedGameScene.cpp" />
    <ClCompile Include="Game\GameObjects\MiscSquare.cpp" />
    <ClCompile Include="Game\GameObjects\MovingSquare.cpp" />
    <ClCompile Include="Game\GameObjects\Wall.cpp" />
    <ClCompile Include="Game\GameObjects\WorldItem.cpp" />
    <ClCompile Include="Game\Managers\SpawnManager.cpp" />
    <ClCompile Include="Game\Scenes\CameraTestScene.cpp" />
    <ClCompile Include="Game\Scenes\CharacterTestScene.cpp" />
    <ClCompile Include="Game\Scenes\SceneTemplate.cpp" />
    <ClCompile Include="main.cpp" />
    <ClCompile Include="Game\GameObjects\Monster.cpp" />
    <ClCompile Include="Game\Scenes\LaunchScene.cpp" />
    <ClCompile Include="Engine\External\QuadTree.cpp" />
    <ClCompile Include="Game\Scenes\PossessionTestScene.cpp" />
    <ClCompile Include="Game\GameObjects\GhostCharacter.cpp" />
    <ClCompile Include="Game\ExternalClasses\Possession\GhostPilot.cpp" />
    <ClCompile Include="Game\ExternalClasses\Possession\BasePossessableController.cpp" />
    <ClCompile Include="Game\ExternalClasses\Possession\BoulderController.cpp" />
    <ClCompile Include="Game\GameObjects\Boulder.cpp" />
    <ClCompile Include="Game\ExternalClasses\Possession\GhostController.cpp" />
    <ClCompile Include="Game\GameObjects\Doors\SingleDoor.cpp" />
    <ClCompile Include="Game\GameObjects\Doors\Door.cpp" />
    <ClCompile Include="Game\Components\DoorController.cpp" />
    <ClCompile Include="Engine\Component\Audio\AudioListener.cpp" />
    <ClCompile Include="Engine\Component\Audio\AudioSource.cpp" />
    <ClCompile Include="Engine\External\LevelGeneration\BinaryTree.cpp" />
    <ClCompile Include="Engine\External\LevelGeneration\Codec.cpp" />
    <ClCompile Include="Engine\External\LevelGeneration\Corridor.cpp" />
    <ClCompile Include="Engine\External\LevelGeneration\Doorway.cpp" />
    <ClCompile Include="Engine\External\LevelGeneration\Room.cpp" />
    <ClCompile Include="Engine\GameObjects\Tiles\ConnectorTile.cpp" />
    <ClCompile Include="Engine\GameObjects\Tiles\CornerTile.cpp" />
    <ClCompile Include="Engine\GameObjects\Tiles\DoorTile.cpp" />
    <ClCompile Include="Engine\GameObjects\Tiles\FloorTile.cpp" />
    <ClCompile Include="Engine\GameObjects\Tiles\Tile.cpp" />
    <ClCompile Include="Engine\GameObjects\Tiles\WallTile.cpp" />
    <ClCompile Include="Engine\Manager\GeneratorManager.cpp" />
    <ClCompile Include="Game\GameObjects\Button.cpp" />
    <ClCompile Include="Game\GameObjects\Panel.cpp" />
    <ClCompile Include="Game\Scenes\MainMenuScene.cpp" />
    <ClCompile Include="Game\ExternalClasses\Possession\GhostReceiverPilot.cpp" />
    <ClCompile Include="Game\Scenes\OldTestScene.cpp" />
    <ClCompile Include="Engine\Component\Render\Light.cpp" />
    <ClCompile Include="Game\GameObjects\FogOfWarCamera.cpp" />
    <ClCompile Include="Game\GameObjects\GhostCamera.cpp" />
    <ClCompile Include="Engine\External\Randomize.cpp" />
    <ClCompile Include="Game\GameObjects\HealthBar.cpp" />
    <ClCompile Include="Game\GameObjects\PositionBasedPopup.cpp" />
  </ItemGroup>
  <ItemGroup>
    <ClInclude Include="Engine\Component\AI\AI.h" />
    <ClInclude Include="Engine\Component\AI\AILearning.h" />
    <ClInclude Include="Engine\Component\AI\NeuralNet.h" />
    <ClInclude Include="Engine\Component\AI\Neuron.h" />
    <ClInclude Include="Engine\Component\AI\TrainingData.h" />
    <ClInclude Include="Engine\Component\Collision\BoxCollider.h" />
    <ClInclude Include="Engine\Component\Collision\CircleCollider.h" />
    <ClInclude Include="Engine\Component\Collision\Collider.h" />
    <ClInclude Include="Engine\Component\Collision\Rigidbody.h" />
    <ClInclude Include="Engine\Component\Networking\Receiver.h" />
    <ClInclude Include="Engine\Component\Networking\Sender.h" />
    <ClInclude Include="Engine\External\Render\FrameBufferObject.h" />
    <ClInclude Include="Engine\External\Render\ISprite.h" />
    <ClInclude Include="Engine\External\Render\Sprite.h" />
    <ClInclude Include="Engine\External\Render\SpriteSheet.h" />
    <ClInclude Include="Engine\External\ThreadQueue.h" />
    <ClInclude Include="Engine\External\TransformState.h" />
    <ClInclude Include="Engine\Component\Render\Renderer.h" />
    <ClInclude Include="Engine\GameObjects\Camera.h" />
    <ClInclude Include="Engine\GameObjects\ComplexSprite.h" />
    <ClInclude Include="Engine\GameObjects\SimpleSprite.h" />
    <ClInclude Include="Engine\Manager\AudioManager.h" />
    <ClInclude Include="Engine\Manager\MessageManager.h" />
    <ClInclude Include="Engine\Manager\NetworkingManager.h" />
    <ClInclude Include="Engine\Manager\PhysicsManager.h" />
    <ClInclude Include="Engine\Manager\SceneManager.h" />
    <ClInclude Include="Engine\PathFinding.h" />
    <ClInclude Include="Engine\Scene.h" />
    <ClInclude Include="Engine\SearchCell.h" />
    <ClInclude Include="Engine\Updateable.h" />
    <ClInclude Include="Game\Components\BaseController.h" />
    <ClInclude Include="Game\Components\CameraFollow.h" />
    <ClInclude Include="Game\Components\CharacterController.h" />
    <ClInclude Include="Game\Components\Inventory.h" />
    <ClInclude Include="Game\ExternalClasses\AiPilot.h" />
    <ClInclude Include="Game\ExternalClasses\BaseChestplate.h" />
    <ClInclude Include="Game\ExternalClasses\BaseEquippableItem.h" />
    <ClInclude Include="Game\ExternalClasses\BaseHelmet.h" />
    <ClInclude Include="Game\ExternalClasses\BaseItem.h" />
    <ClInclude Include="Game\ExternalClasses\BaseGreaves.h" />
    <ClInclude Include="Game\ExternalClasses\BaseLongbow.h" />
    <ClInclude Include="Game\ExternalClasses\BaseMeleeWeapon.h" />
    <ClInclude Include="Game\ExternalClasses\BasePilot.h" />
    <ClInclude Include="Game\ExternalClasses\BaseProjectileWeapon.h" />
    <ClInclude Include="Game\ExternalClasses\BaseShield.h" />
    <ClInclude Include="Game\ExternalClasses\BaseShortsword.h" />
    <ClInclude Include="Game\ExternalClasses\BaseWeapon.h" />
    <ClInclude Include="Game\ExternalClasses\Damageable.h" />
    <ClInclude Include="Game\ExternalClasses\HostPilot.h" />
    <ClInclude Include="Game\ExternalClasses\DummyPilot.h" />
    <ClInclude Include="Game\ExternalClasses\PlayerPilot.h" />
    <ClInclude Include="Game\ExternalClasses\UserDefinedRenderLayers.h" />
    <ClInclude Include="Game\Game.h" />
    <ClInclude Include="Engine\Component\Component.h" />
    <ClInclude Include="Engine\Component\GameObject.h" />
    <ClInclude Include="Engine\Component\Physics.h" />
    <ClInclude Include="Engine\Component\Render\SpriteRenderer.h" />
    <ClInclude Include="Engine\Component\Transform.h" />
    <ClInclude Include="Engine\Engine.h" />
    <ClInclude Include="Engine\External\GLHeaders.h" />
    <ClInclude Include="Engine\External\HelperFunctions.h" />
    <ClInclude Include="Engine\External\Math\Vector2.h" />
    <ClInclude Include="Engine\External\Render\Shader.h" />
    <ClInclude Include="Engine\External\SharedConstants.h" />
    <ClInclude Include="Engine\Manager\GameManager.h" />
    <ClInclude Include="Engine\Manager\InputManager.h" />
    <ClInclude Include="Engine\Manager\SpriteRendererManager.h" />
    <ClInclude Include="Game\Components\ComponentTemplate.h" />
    <ClInclude Include="Game\GameObjects\Character.h" />
    <ClInclude Include="Game\GameObjects\ClientCharacter.h" />
    <ClInclude Include="Game\GameObjects\DamagingRegion.h" />
    <ClInclude Include="Game\GameObjects\GameObjectTemplate.h" />
    <ClInclude Include="Game\GameObjects\HostCharacter.h" />
    <ClInclude Include="Game\GameObjects\NetworkCharacter.h" />
    <ClInclude Include="Game\GameObjects\PlayerCharacter.h" />
    <ClInclude Include="Game\GameObjects\Projectile.h" />
    <ClInclude Include="Game\Scenes\NetworkedGameScene.h" />
    <ClInclude Include="Game\GameObjects\MiscSquare.h" />
    <ClInclude Include="Game\GameObjects\MovingSquare.h" />
    <ClInclude Include="Game\GameObjects\Wall.h" />
    <ClInclude Include="Game\GameObjects\WorldItem.h" />
    <ClInclude Include="Game\Managers\SpawnManager.h" />
    <ClInclude Include="Game\Scenes\CameraTestScene.h" />
    <ClInclude Include="Game\Scenes\CharacterTestScene.h" />
    <ClInclude Include="Game\Scenes\SceneTemplate.h" />
    <ClInclude Include="Game\GameObjects\Monster.h" />
    <ClInclude Include="Game\Scenes\LaunchScene.h" />
    <ClInclude Include="Engine\External\QuadTree.h" />
    <ClInclude Include="Game\Scenes\PossessionTestScene.h" />
    <ClInclude Include="Game\GameObjects\GhostCharacter.h" />
    <ClInclude Include="Game\ExternalClasses\Possession\GhostPilot.h" />
    <ClInclude Include="Game\ExternalClasses\Possession\BasePossessableController.h" />
    <ClInclude Include="Game\ExternalClasses\Possession\BoulderController.h" />
    <ClInclude Include="Game\GameObjects\Boulder.h" />
    <ClInclude Include="Game\ExternalClasses\Possession\GhostController.h" />
    <ClInclude Include="Game\ExternalClasses\Invokable.h" />
    <ClInclude Include="Game\GameObjects\Doors\SingleDoor.h" />
    <ClInclude Include="Game\GameObjects\Doors\Door.h" />
    <ClInclude Include="Game\Components\DoorController.h" />
    <ClInclude Include="Game\ExternalClasses\RandomHelper.h" />
    <ClInclude Include="Engine\Component\Audio\AudioBank.h" />
    <ClInclude Include="Engine\Component\Audio\AudioListener.h" />
    <ClInclude Include="Engine\Component\Audio\AudioSource.h" />
    <ClInclude Include="Engine\External\LevelGeneration\Room.h" />
    <ClInclude Include="Engine\External\LevelGeneration\BinaryTree.h" />
    <ClInclude Include="Engine\External\LevelGeneration\Codec.h" />
    <ClInclude Include="Engine\External\LevelGeneration\Corridor.h" />
    <ClInclude Include="Engine\External\LevelGeneration\Doorway.h" />
    <ClInclude Include="Engine\GameObjects\Tiles\ConnectorTile.h" />
    <ClInclude Include="Engine\GameObjects\Tiles\CornerTile.h" />
    <ClInclude Include="Engine\GameObjects\Tiles\DoorTile.h" />
    <ClInclude Include="Engine\GameObjects\Tiles\FloorTile.h" />
    <ClInclude Include="Engine\GameObjects\Tiles\Tile.h" />
    <ClInclude Include="Engine\GameObjects\Tiles\WallTile.h" />
    <ClInclude Include="Engine\Manager\GeneratorManager.h" />
    <ClInclude Include="Game\GameObjects\Button.h" />
    <ClInclude Include="Game\GameObjects\Panel.h" />
    <ClInclude Include="Game\Scenes\MainMenuScene.h" />
    <ClInclude Include="Game\ExternalClasses\Possession\GhostReceiverPilot.h" />
    <ClInclude Include="Game\Scenes\OldTestScene.h" />
    <ClInclude Include="Game\ExternalClasses\EquipmentIncludes.h" />
    <ClInclude Include="Engine\Component\Render\Light.h" />
    <ClInclude Include="Game\GameObjects\FogOfWarCamera.h" />
    <ClInclude Include="Game\GameObjects\GhostCamera.h" />
    <ClInclude Include="Game\Assets\Shaders\grayscale.fs" />
    <ClInclude Include="Engine\External\Randomize.h" />
    <ClInclude Include="Game\GameObjects\HealthBar.h" />
    <ClInclude Include="Game\GameObjects\PositionBasedPopup.h" />
  </ItemGroup>
  <ItemGroup>
    <Image Include="Assets\Character.bmp" />
    <Image Include="Assets\Character.png" />
  </ItemGroup>
  <ItemGroup>
    <Text Include="Engine\External\Render\contrastFragment.txt" />
    <Text Include="Engine\External\Render\contrastVertex.txt" />
  </ItemGroup>
  <ItemGroup>
    <Media Include="Game\Assets\Audio\hit.mp3" />
    <Media Include="Game\Assets\Audio\hit1.mp3" />
    <Media Include="Game\Assets\Audio\hit2.mp3" />
    <Media Include="Game\Assets\Audio\hit3.mp3" />
    <Media Include="Game\Assets\Audio\mario_.mp3" />
    <Media Include="Game\Assets\Audio\mario_.wav" />
    <Media Include="Game\Assets\Audio\shootarrow.mp3" />
    <Media Include="Game\Assets\Audio\swordswing.mp3" />
    <Media Include="Game\Assets\Audio\valiantwind.mp3" />
    <Media Include="Game\Assets\Audio\victory.wav" />
    <Media Include="Game\Assets\hit.wav" />
    <Media Include="Game\Assets\mario_.wav" />
    <Media Include="Game\Assets\shoot.wav" />
  </ItemGroup>
  <ItemGroup>
    <None Include="Game\Assets\Shaders\fragment_shader.fs" />
    <None Include="Game\Assets\Shaders\glow.fs" />
    <None Include="Game\Assets\Shaders\glow.vs" />
    <None Include="Game\Assets\Shaders\ppAmbientColour.fs" />
    <None Include="Game\Assets\Shaders\ppBloom.fs" />
    <None Include="Game\Assets\Shaders\ppExtractBrightness.fs" />
    <None Include="Game\Assets\Shaders\ppExtractBrightnessDirectional.fs" />
    <None Include="Game\Assets\Shaders\ppExtractBrightnessDirectional.vs" />
    <None Include="Game\Assets\Shaders\ppGaussianBlur.fs" />
    <None Include="Game\Assets\Shaders\ppHorizontalGaussianBlur.vs" />
    <None Include="Game\Assets\Shaders\ppPassThrough.fs" />
    <None Include="Game\Assets\Shaders\ppPassThrough.vs" />
    <None Include="Game\Assets\Shaders\ppVerticalGaussianBlur.vs" />
    <None Include="Game\Assets\Shaders\shadow.fs" />
    <None Include="Game\Assets\Shaders\shadow.vs" />
    <None Include="Game\Assets\Shaders\shadow_SpriteSheet.vs" />
    <None Include="Game\Assets\Shaders\sprite_sheet.vs" />
    <None Include="Game\Assets\Shaders\tile.vs" />
    <None Include="Game\Assets\Shaders\vertex_shader.vs" />
    <None Include="Game\Assets\Shaders\voxel.fs" />
    <None Include="Game\Assets\.DS_Store" />
    <None Include="Game\Assets\Shaders\fogOfWar.vs" />
    <None Include="Game\Assets\Shaders\fogOfWar.fs" />
    <None Include="packages.config" />
  </ItemGroup>
</Project>