<?xml version="1.0" encoding="utf-8"?>
<Project ToolsVersion="4.0" xmlns="http://schemas.microsoft.com/developer/msbuild/2003">
  <ItemGroup>
    <ClCompile Include="Engine\Component\AI\AI.cpp" />
    <ClCompile Include="Engine\Component\AI\AILearning.cpp" />
    <ClCompile Include="Engine\Component\AI\NeuralNet.cpp" />
    <ClCompile Include="Engine\Component\AI\Neuron.cpp" />
    <ClCompile Include="Engine\Component\AI\TrainingData.cpp" />
    <ClCompile Include="Engine\Component\Collision\BoxCollider.cpp" />
    <ClCompile Include="Engine\Component\Collision\CircleCollider.cpp" />
    <ClCompile Include="Engine\Component\Collision\Collider.cpp" />
    <ClCompile Include="Engine\Component\Collision\Rigidbody.cpp" />
    <ClCompile Include="Engine\Component\Networking\Receiver.cpp" />
    <ClCompile Include="Engine\Component\Networking\Sender.cpp" />
    <ClCompile Include="Engine\External\Render\FrameBufferObject.cpp" />
    <ClCompile Include="Engine\External\Render\ISprite.cpp" />
    <ClCompile Include="Engine\External\Render\Sprite.cpp" />
    <ClCompile Include="Engine\External\Render\SpriteSheet.cpp" />
    <ClCompile Include="Engine\GameObjects\Camera.cpp" />
    <ClCompile Include="Engine\GameObjects\ComplexSprite.cpp" />
    <ClCompile Include="Engine\GameObjects\DayNightCamera.cpp" />
    <ClCompile Include="Engine\GameObjects\SimpleSprite.cpp" />
    <ClCompile Include="Engine\Manager\AudioManager.cpp" />
    <ClCompile Include="Engine\Manager\NetworkingManager.cpp" />
    <ClCompile Include="Engine\Manager\PhysicsManager.cpp" />
    <ClCompile Include="Engine\Manager\SceneManager.cpp" />
    <ClCompile Include="Engine\Monster.cpp" />
    <ClCompile Include="Engine\PathFinding.cpp" />
    <ClCompile Include="Engine\Scene.cpp" />
    <ClCompile Include="Engine\Updateable.cpp" />
    <ClCompile Include="Engine\Component\Render\Renderer.cpp" />
    <ClCompile Include="Engine\Manager\InputManager.cpp" />
    <ClCompile Include="Engine\Manager\MessageManager.cpp" />
    <ClCompile Include="Game\Components\BaseController.cpp" />
    <ClCompile Include="Game\Components\CameraFollow.cpp" />
    <ClCompile Include="Game\Components\CharacterController.cpp" />
    <ClCompile Include="Game\Components\Inventory.cpp" />
    <ClCompile Include="Game\ExternalClasses\BaseChestplate.cpp" />
    <ClCompile Include="Game\ExternalClasses\BaseEquippableItem.cpp" />
    <ClCompile Include="Game\ExternalClasses\BaseGreaves.cpp" />
    <ClCompile Include="Game\ExternalClasses\BaseHelmet.cpp" />
    <ClCompile Include="Game\ExternalClasses\BaseItem.cpp" />
    <ClCompile Include="Game\ExternalClasses\BaseLongbow.cpp" />
    <ClCompile Include="Game\ExternalClasses\BaseMeleeWeapon.cpp" />
    <ClCompile Include="Game\ExternalClasses\BasePilot.cpp" />
    <ClCompile Include="Game\ExternalClasses\BaseProjectileWeapon.cpp" />
    <ClCompile Include="Game\ExternalClasses\BaseShield.cpp" />
    <ClCompile Include="Game\ExternalClasses\BaseShortsword.cpp" />
    <ClCompile Include="Game\ExternalClasses\BaseWeapon.cpp" />
    <ClCompile Include="Game\ExternalClasses\Damageable.cpp" />
    <ClCompile Include="Game\ExternalClasses\PlayerPilot.cpp" />
    <ClCompile Include="Game\ExternalClasses\WoodenLongbow.cpp" />
    <ClCompile Include="Game\ExternalClasses\WoodenShortsword.cpp" />
    <ClCompile Include="Game\Game.cpp" />
    <ClCompile Include="Engine\Component\Component.cpp" />
    <ClCompile Include="Engine\Component\GameObject.cpp" />
    <ClCompile Include="Engine\Component\Physics.cpp" />
    <ClCompile Include="Engine\Component\Render\SpriteRenderer.cpp" />
    <ClCompile Include="Engine\Component\Transform.cpp" />
    <ClCompile Include="Engine\Engine.cpp" />
    <ClCompile Include="Engine\External\HelperFunctions.cpp" />
    <ClCompile Include="Engine\External\Math\Vector2.cpp" />
    <ClCompile Include="Engine\External\Render\Shader.cpp" />
    <ClCompile Include="Engine\Manager\GameManager.cpp" />
    <ClCompile Include="Engine\Manager\SpriteRendererManager.cpp" />
    <ClCompile Include="Game\Components\ComponentTemplate.cpp" />
    <ClCompile Include="Game\GameObjects\Character.cpp" />
    <ClCompile Include="Game\GameObjects\DamagingRegion.cpp" />
    <ClCompile Include="Game\GameObjects\GameObjectTemplate.cpp" />
    <ClCompile Include="Game\GameObjects\MiscSquare.cpp" />
    <ClCompile Include="Game\GameObjects\MovingSquare.cpp" />
    <ClCompile Include="Game\GameObjects\Projectile.cpp" />
    <ClCompile Include="Game\GameObjects\Wall.cpp" />
    <ClCompile Include="Game\GameObjects\WorldItem.cpp" />
    <ClCompile Include="Game\Managers\SpawnManager.cpp" />
    <ClCompile Include="Game\Scenes\CameraTestScene.cpp" />
    <ClCompile Include="Game\Scenes\CharacterTestScene.cpp" />
    <ClCompile Include="Game\Scenes\SceneTemplate.cpp" />
    <ClCompile Include="main.cpp" />
    <ClCompile Include="Paper.cpp" />
    <ClCompile Include="PathFinding.cpp" />
    <ClCompile Include="Game\ExternalClasses\AiPilot.cpp" />
    <ClCompile Include="Game\GameObjects\Monster.cpp" />
  </ItemGroup>
  <ItemGroup>
    <ClInclude Include="Engine\Component\AI\AI.h" />
    <ClInclude Include="Engine\Component\AI\AILearning.h" />
    <ClInclude Include="Engine\Component\AI\NeuralNet.h" />
    <ClInclude Include="Engine\Component\AI\Neuron.h" />
    <ClInclude Include="Engine\Component\AI\TrainingData.h" />
    <ClInclude Include="Engine\Component\Collision\BoxCollider.h" />
    <ClInclude Include="Engine\Component\Collision\CircleCollider.h" />
    <ClInclude Include="Engine\Component\Collision\Collider.h" />
    <ClInclude Include="Engine\Component\Collision\Rigidbody.h" />
    <ClInclude Include="Engine\Component\Networking\Receiver.h" />
    <ClInclude Include="Engine\Component\Networking\Sender.h" />
    <ClInclude Include="Engine\External\Render\FrameBufferObject.h" />
    <ClInclude Include="Engine\External\Render\ISprite.h" />
    <ClInclude Include="Engine\External\Render\Sprite.h" />
    <ClInclude Include="Engine\External\Render\SpriteSheet.h" />
    <ClInclude Include="Engine\External\ThreadQueue.h" />
    <ClInclude Include="Engine\External\TransformState.h" />
    <ClInclude Include="Engine\Component\Render\Renderer.h" />
    <ClInclude Include="Engine\GameObjects\Camera.h" />
    <ClInclude Include="Engine\GameObjects\ComplexSprite.h" />
    <ClInclude Include="Engine\GameObjects\DayNightCamera.h" />
    <ClInclude Include="Engine\GameObjects\SimpleSprite.h" />
    <ClInclude Include="Engine\Manager\AudioManager.h" />
    <ClInclude Include="Engine\Manager\MessageManager.h" />
    <ClInclude Include="Engine\Manager\NetworkingManager.h" />
    <ClInclude Include="Engine\Manager\PhysicsManager.h" />
    <ClInclude Include="Engine\Manager\SceneManager.h" />
    <ClInclude Include="Engine\Monster.h" />
    <ClInclude Include="Engine\PathFinding.h" />
    <ClInclude Include="Engine\Scene.h" />
    <ClInclude Include="Engine\SearchCell.h" />
    <ClInclude Include="Engine\Updateable.h" />
    <ClInclude Include="Game\Components\BaseController.h" />
    <ClInclude Include="Game\Components\CameraFollow.h" />
    <ClInclude Include="Game\Components\CharacterController.h" />
    <ClInclude Include="Game\Components\Inventory.h" />
    <ClInclude Include="Game\ExternalClasses\BaseChestplate.h" />
    <ClInclude Include="Game\ExternalClasses\BaseEquippableItem.h" />
    <ClInclude Include="Game\ExternalClasses\BaseHelmet.h" />
    <ClInclude Include="Game\ExternalClasses\BaseItem.h" />
    <ClInclude Include="Game\ExternalClasses\BaseGreaves.h" />
    <ClInclude Include="Game\ExternalClasses\BaseLongbow.h" />
    <ClInclude Include="Game\ExternalClasses\BaseMeleeWeapon.h" />
    <ClInclude Include="Game\ExternalClasses\BasePilot.h" />
    <ClInclude Include="Game\ExternalClasses\BaseProjectileWeapon.h" />
    <ClInclude Include="Game\ExternalClasses\BaseShield.h" />
    <ClInclude Include="Game\ExternalClasses\BaseShortsword.h" />
    <ClInclude Include="Game\ExternalClasses\BaseWeapon.h" />
    <ClInclude Include="Game\ExternalClasses\Damageable.h" />
    <ClInclude Include="Game\ExternalClasses\PlayerPilot.h" />
    <ClInclude Include="Game\ExternalClasses\UserDefinedRenderLayers.h" />
    <ClInclude Include="Game\ExternalClasses\WoodenLongbow.h" />
    <ClInclude Include="Game\ExternalClasses\WoodenShortsword.h" />
    <ClInclude Include="Game\Game.h" />
    <ClInclude Include="Engine\Component\Component.h" />
    <ClInclude Include="Engine\Component\GameObject.h" />
    <ClInclude Include="Engine\Component\Physics.h" />
    <ClInclude Include="Engine\Component\Render\SpriteRenderer.h" />
    <ClInclude Include="Engine\Component\Transform.h" />
    <ClInclude Include="Engine\Engine.h" />
    <ClInclude Include="Engine\External\GLHeaders.h" />
    <ClInclude Include="Engine\External\HelperFunctions.h" />
    <ClInclude Include="Engine\External\Math\Vector2.h" />
    <ClInclude Include="Engine\External\Render\Shader.h" />
    <ClInclude Include="Engine\External\SharedConstants.h" />
    <ClInclude Include="Engine\Manager\GameManager.h" />
    <ClInclude Include="Engine\Manager\InputManager.h" />
    <ClInclude Include="Engine\Manager\SpriteRendererManager.h" />
    <ClInclude Include="Game\Components\ComponentTemplate.h" />
    <ClInclude Include="Game\GameObjects\Character.h" />
    <ClInclude Include="Game\GameObjects\DamagingRegion.h" />
    <ClInclude Include="Game\GameObjects\GameObjectTemplate.h" />
    <ClInclude Include="Game\GameObjects\MiscSquare.h" />
    <ClInclude Include="Game\GameObjects\MovingSquare.h" />
    <ClInclude Include="Game\GameObjects\Projectile.h" />
    <ClInclude Include="Game\GameObjects\Wall.h" />
    <ClInclude Include="Game\GameObjects\WorldItem.h" />
    <ClInclude Include="Game\Managers\SpawnManager.h" />
    <ClInclude Include="Game\Scenes\CameraTestScene.h" />
    <ClInclude Include="Game\Scenes\CharacterTestScene.h" />
    <ClInclude Include="Game\Scenes\SceneTemplate.h" />
    <ClInclude Include="Paper.h" />
    <ClInclude Include="PathFinding.h" />
    <ClInclude Include="SearchCell.h" />
    <ClInclude Include="Game\ExternalClasses\AiPilot.h" />
    <ClInclude Include="Game\GameObjects\Monster.h" />
  </ItemGroup>
  <ItemGroup>
    <Image Include="Assets\Character.bmp" />
    <Image Include="Assets\Character.png" />
  </ItemGroup>
  <ItemGroup>
    <Text Include="Engine\External\Render\contrastFragment.txt" />
    <Text Include="Engine\External\Render\contrastVertex.txt" />
  </ItemGroup>
</Project>